// !$*UTF8*$!
{
	archiveVersion = 1;
	classes = {
	};
	objectVersion = 46;
	objects = {

/* Begin PBXBuildFile section */
		D01820B71DA24AB40066C9C3 /* macos_sierra_large_2x.jpg in Resources */ = {isa = PBXBuildFile; fileRef = D01820B61DA24AB40066C9C3 /* macos_sierra_large_2x.jpg */; };
		D01820B91DA24B460066C9C3 /* AddItemsViewController.swift in Sources */ = {isa = PBXBuildFile; fileRef = D01820B81DA24B460066C9C3 /* AddItemsViewController.swift */; };
		D01820BD1DA24D5A0066C9C3 /* UpdateCollectorViewController.swift in Sources */ = {isa = PBXBuildFile; fileRef = D01820BC1DA24D5A0066C9C3 /* UpdateCollectorViewController.swift */; };
		D037D9CF1DA173D500C84C73 /* AppDelegate.swift in Sources */ = {isa = PBXBuildFile; fileRef = D037D9CE1DA173D500C84C73 /* AppDelegate.swift */; };
		D037D9D11DA173D500C84C73 /* ViewController.swift in Sources */ = {isa = PBXBuildFile; fileRef = D037D9D01DA173D500C84C73 /* ViewController.swift */; };
		D037D9D41DA173D500C84C73 /* Main.storyboard in Resources */ = {isa = PBXBuildFile; fileRef = D037D9D21DA173D500C84C73 /* Main.storyboard */; };
		D037D9D71DA173D500C84C73 /* AppleCollector.xcdatamodeld in Sources */ = {isa = PBXBuildFile; fileRef = D037D9D51DA173D500C84C73 /* AppleCollector.xcdatamodeld */; };
		D037D9D91DA173D500C84C73 /* Assets.xcassets in Resources */ = {isa = PBXBuildFile; fileRef = D037D9D81DA173D500C84C73 /* Assets.xcassets */; };
		D037D9DC1DA173D500C84C73 /* LaunchScreen.storyboard in Resources */ = {isa = PBXBuildFile; fileRef = D037D9DA1DA173D500C84C73 /* LaunchScreen.storyboard */; };
/* End PBXBuildFile section */

/* Begin PBXFileReference section */
		D01820B61DA24AB40066C9C3 /* macos_sierra_large_2x.jpg */ = {isa = PBXFileReference; lastKnownFileType = image.jpeg; path = macos_sierra_large_2x.jpg; sourceTree = "<group>"; };
		D01820B81DA24B460066C9C3 /* AddItemsViewController.swift */ = {isa = PBXFileReference; fileEncoding = 4; lastKnownFileType = sourcecode.swift; path = AddItemsViewController.swift; sourceTree = "<group>"; };
		D01820BC1DA24D5A0066C9C3 /* UpdateCollectorViewController.swift */ = {isa = PBXFileReference; fileEncoding = 4; lastKnownFileType = sourcecode.swift; name = UpdateCollectorViewController.swift; path = ../UpdateCollectorViewController.swift; sourceTree = "<group>"; };
		D037D9CB1DA173D500C84C73 /* AppleCollector.app */ = {isa = PBXFileReference; explicitFileType = wrapper.application; includeInIndex = 0; path = AppleCollector.app; sourceTree = BUILT_PRODUCTS_DIR; };
		D037D9CE1DA173D500C84C73 /* AppDelegate.swift */ = {isa = PBXFileReference; lastKnownFileType = sourcecode.swift; path = AppDelegate.swift; sourceTree = "<group>"; };
		D037D9D01DA173D500C84C73 /* ViewController.swift */ = {isa = PBXFileReference; lastKnownFileType = sourcecode.swift; path = ViewController.swift; sourceTree = "<group>"; };
		D037D9D31DA173D500C84C73 /* Base */ = {isa = PBXFileReference; lastKnownFileType = file.storyboard; name = Base; path = Base.lproj/Main.storyboard; sourceTree = "<group>"; };
		D037D9D61DA173D500C84C73 /* AppleCollector.xcdatamodel */ = {isa = PBXFileReference; lastKnownFileType = wrapper.xcdatamodel; path = AppleCollector.xcdatamodel; sourceTree = "<group>"; };
		D037D9D81DA173D500C84C73 /* Assets.xcassets */ = {isa = PBXFileReference; lastKnownFileType = folder.assetcatalog; path = Assets.xcassets; sourceTree = "<group>"; };
		D037D9DB1DA173D500C84C73 /* Base */ = {isa = PBXFileReference; lastKnownFileType = file.storyboard; name = Base; path = Base.lproj/LaunchScreen.storyboard; sourceTree = "<group>"; };
		D037D9DD1DA173D500C84C73 /* Info.plist */ = {isa = PBXFileReference; lastKnownFileType = text.plist.xml; path = Info.plist; sourceTree = "<group>"; };
/* End PBXFileReference section */

/* Begin PBXFrameworksBuildPhase section */
		D037D9C81DA173D500C84C73 /* Frameworks */ = {
			isa = PBXFrameworksBuildPhase;
			buildActionMask = 2147483647;
			files = (
			);
			runOnlyForDeploymentPostprocessing = 0;
		};
/* End PBXFrameworksBuildPhase section */

/* Begin PBXGroup section */
		D037D9C21DA173D500C84C73 = {
			isa = PBXGroup;
			children = (
				D037D9CD1DA173D500C84C73 /* AppleCollector */,
				D037D9CC1DA173D500C84C73 /* Products */,
			);
			sourceTree = "<group>";
		};
		D037D9CC1DA173D500C84C73 /* Products */ = {
			isa = PBXGroup;
			children = (
				D037D9CB1DA173D500C84C73 /* AppleCollector.app */,
			);
			name = Products;
			sourceTree = "<group>";
		};
		D037D9CD1DA173D500C84C73 /* AppleCollector */ = {
			isa = PBXGroup;
			children = (
				D01820B61DA24AB40066C9C3 /* macos_sierra_large_2x.jpg */,
				D037D9CE1DA173D500C84C73 /* AppDelegate.swift */,
				D037D9D01DA173D500C84C73 /* ViewController.swift */,
				D01820B81DA24B460066C9C3 /* AddItemsViewController.swift */,
				D01820BC1DA24D5A0066C9C3 /* UpdateCollectorViewController.swift */,
				D037D9D21DA173D500C84C73 /* Main.storyboard */,
				D037D9D81DA173D500C84C73 /* Assets.xcassets */,
				D037D9DA1DA173D500C84C73 /* LaunchScreen.storyboard */,
				D037D9DD1DA173D500C84C73 /* Info.plist */,
				D037D9D51DA173D500C84C73 /* AppleCollector.xcdatamodeld */,
			);
			path = AppleCollector;
			sourceTree = "<group>";
		};
/* End PBXGroup section */

/* Begin PBXNativeTarget section */
		D037D9CA1DA173D500C84C73 /* AppleCollector */ = {
			isa = PBXNativeTarget;
			buildConfigurationList = D037D9E01DA173D500C84C73 /* Build configuration list for PBXNativeTarget "AppleCollector" */;
			buildPhases = (
				D037D9C71DA173D500C84C73 /* Sources */,
				D037D9C81DA173D500C84C73 /* Frameworks */,
				D037D9C91DA173D500C84C73 /* Resources */,
			);
			buildRules = (
			);
			dependencies = (
			);
			name = AppleCollector;
			productName = AppleCollector;
			productReference = D037D9CB1DA173D500C84C73 /* AppleCollector.app */;
			productType = "com.apple.product-type.application";
		};
/* End PBXNativeTarget section */

/* Begin PBXProject section */
		D037D9C31DA173D500C84C73 /* Project object */ = {
			isa = PBXProject;
			attributes = {
				LastSwiftUpdateCheck = 0800;
				LastUpgradeCheck = 0800;
				ORGANIZATIONNAME = "Axel Vencatareddy";
				TargetAttributes = {
					D037D9CA1DA173D500C84C73 = {
						CreatedOnToolsVersion = 8.0;
						DevelopmentTeam = Z258W9QL44;
						ProvisioningStyle = Automatic;
					};
				};
			};
			buildConfigurationList = D037D9C61DA173D500C84C73 /* Build configuration list for PBXProject "AppleCollector" */;
			compatibilityVersion = "Xcode 3.2";
			developmentRegion = English;
			hasScannedForEncodings = 0;
			knownRegions = (
				en,
				Base,
			);
			mainGroup = D037D9C21DA173D500C84C73;
			productRefGroup = D037D9CC1DA173D500C84C73 /* Products */;
			projectDirPath = "";
			projectRoot = "";
			targets = (
				D037D9CA1DA173D500C84C73 /* AppleCollector */,
			);
		};
/* End PBXProject section */

/* Begin PBXResourcesBuildPhase section */
		D037D9C91DA173D500C84C73 /* Resources */ = {
			isa = PBXResourcesBuildPhase;
			buildActionMask = 2147483647;
			files = (
				D037D9DC1DA173D500C84C73 /* LaunchScreen.storyboard in Resources */,
				D037D9D91DA173D500C84C73 /* Assets.xcassets in Resources */,
				D037D9D41DA173D500C84C73 /* Main.storyboard in Resources */,
				D01820B71DA24AB40066C9C3 /* macos_sierra_large_2x.jpg in Resources */,
			);
			runOnlyForDeploymentPostprocessing = 0;
		};
/* End PBXResourcesBuildPhase section */

/* Begin PBXSourcesBuildPhase section */
		D037D9C71DA173D500C84C73 /* Sources */ = {
			isa = PBXSourcesBuildPhase;
			buildActionMask = 2147483647;
			files = (
				D01820BD1DA24D5A0066C9C3 /* UpdateCollectorViewController.swift in Sources */,
				D037D9D11DA173D500C84C73 /* ViewController.swift in Sources */,
				D01820B91DA24B460066C9C3 /* AddItemsViewController.swift in Sources */,
				D037D9D71DA173D500C84C73 /* AppleCollector.xcdatamodeld in Sources */,
				D037D9CF1DA173D500C84C73 /* AppDelegate.swift in Sources */,
			);
			runOnlyForDeploymentPostprocessing = 0;
		};
/* End PBXSourcesBuildPhase section */

/* Begin PBXVariantGroup section */
		D037D9D21DA173D500C84C73 /* Main.storyboard */ = {
			isa = PBXVariantGroup;
			children = (
				D037D9D31DA173D500C84C73 /* Base */,
			);
			name = Main.storyboard;
			sourceTree = "<group>";
		};
		D037D9DA1DA173D500C84C73 /* LaunchScreen.storyboard */ = {
			isa = PBXVariantGroup;
			children = (
				D037D9DB1DA173D500C84C73 /* Base */,
			);
			name = LaunchScreen.storyboard;
			sourceTree = "<group>";
		};
/* End PBXVariantGroup section */

/* Begin XCBuildConfiguration section */
		D037D9DE1DA173D500C84C73 /* Debug */ = {
			isa = XCBuildConfiguration;
			buildSettings = {
				ALWAYS_SEARCH_USER_PATHS = NO;
				CLANG_ANALYZER_NONNULL = YES;
				CLANG_CXX_LANGUAGE_STANDARD = "gnu++0x";
				CLANG_CXX_LIBRARY = "libc++";
				CLANG_ENABLE_MODULES = YES;
				CLANG_ENABLE_OBJC_ARC = YES;
				CLANG_WARN_BOOL_CONVERSION = YES;
				CLANG_WARN_CONSTANT_CONVERSION = YES;
				CLANG_WARN_DIRECT_OBJC_ISA_USAGE = YES_ERROR;
				CLANG_WARN_DOCUMENTATION_COMMENTS = YES;
				CLANG_WARN_EMPTY_BODY = YES;
				CLANG_WARN_ENUM_CONVERSION = YES;
				CLANG_WARN_INFINITE_RECURSION = YES;
				CLANG_WARN_INT_CONVERSION = YES;
				CLANG_WARN_OBJC_ROOT_CLASS = YES_ERROR;
				CLANG_WARN_SUSPICIOUS_MOVES = YES;
				CLANG_WARN_UNREACHABLE_CODE = YES;
				CLANG_WARN__DUPLICATE_METHOD_MATCH = YES;
				"CODE_SIGN_IDENTITY[sdk=iphoneos*]" = "iPhone Developer";
				COPY_PHASE_STRIP = NO;
				DEBUG_INFORMATION_FORMAT = dwarf;
				ENABLE_STRICT_OBJC_MSGSEND = YES;
				ENABLE_TESTABILITY = YES;
				GCC_C_LANGUAGE_STANDARD = gnu99;
				GCC_DYNAMIC_NO_PIC = NO;
				GCC_NO_COMMON_BLOCKS = YES;
				GCC_OPTIMIZATION_LEVEL = 0;
				GCC_PREPROCESSOR_DEFINITIONS = (
					"DEBUG=1",
					"$(inherited)",
				);
				GCC_WARN_64_TO_32_BIT_CONVERSION = YES;
				GCC_WARN_ABOUT_RETURN_TYPE = YES_ERROR;
				GCC_WARN_UNDECLARED_SELECTOR = YES;
				GCC_WARN_UNINITIALIZED_AUTOS = YES_AGGRESSIVE;
				GCC_WARN_UNUSED_FUNCTION = YES;
				GCC_WARN_UNUSED_VARIABLE = YES;
				IPHONEOS_DEPLOYMENT_TARGET = 10.0;
				MTL_ENABLE_DEBUG_INFO = YES;
				ONLY_ACTIVE_ARCH = YES;
				SDKROOT = iphoneos;
				SWIFT_ACTIVE_COMPILATION_CONDITIONS = DEBUG;
				SWIFT_OPTIMIZATION_LEVEL = "-Onone";
				TARGETED_DEVICE_FAMILY = "1,2";
			};
			name = Debug;
		};
		D037D9DF1DA173D500C84C73 /* Release */ = {
			isa = XCBuildConfiguration;
			buildSettings = {
				ALWAYS_SEARCH_USER_PATHS = NO;
				CLANG_ANALYZER_NONNULL = YES;
				CLANG_CXX_LANGUAGE_STANDARD = "gnu++0x";
				CLANG_CXX_LIBRARY = "libc++";
				CLANG_ENABLE_MODULES = YES;
				CLANG_ENABLE_OBJC_ARC = YES;
				CLANG_WARN_BOOL_CONVERSION = YES;
				CLANG_WARN_CONSTANT_CONVERSION = YES;
				CLANG_WARN_DIRECT_OBJC_ISA_USAGE = YES_ERROR;
				CLANG_WARN_DOCUMENTATION_COMMENTS = YES;
				CLANG_WARN_EMPTY_BODY = YES;
				CLANG_WARN_ENUM_CONVERSION = YES;
				CLANG_WARN_INFINITE_RECURSION = YES;
				CLANG_WARN_INT_CONVERSION = YES;
				CLANG_WARN_OBJC_ROOT_CLASS = YES_ERROR;
				CLANG_WARN_SUSPICIOUS_MOVES = YES;
				CLANG_WARN_UNREACHABLE_CODE = YES;
				CLANG_WARN__DUPLICATE_METHOD_MATCH = YES;
				"CODE_SIGN_IDENTITY[sdk=iphoneos*]" = "iPhone Developer";
				COPY_PHASE_STRIP = NO;
				DEBUG_INFORMATION_FORMAT = "dwarf-with-dsym";
				ENABLE_NS_ASSERTIONS = NO;
				ENABLE_STRICT_OBJC_MSGSEND = YES;
				GCC_C_LANGUAGE_STANDARD = gnu99;
				GCC_NO_COMMON_BLOCKS = YES;
				GCC_WARN_64_TO_32_BIT_CONVERSION = YES;
				GCC_WARN_ABOUT_RETURN_TYPE = YES_ERROR;
				GCC_WARN_UNDECLARED_SELECTOR = YES;
				GCC_WARN_UNINITIALIZED_AUTOS = YES_AGGRESSIVE;
				GCC_WARN_UNUSED_FUNCTION = YES;
				GCC_WARN_UNUSED_VARIABLE = YES;
				IPHONEOS_DEPLOYMENT_TARGET = 10.0;
				MTL_ENABLE_DEBUG_INFO = NO;
				SDKROOT = iphoneos;
				SWIFT_OPTIMIZATION_LEVEL = "-Owholemodule";
				TARGETED_DEVICE_FAMILY = "1,2";
				VALIDATE_PRODUCT = YES;
			};
			name = Release;
		};
		D037D9E11DA173D500C84C73 /* Debug */ = {
			isa = XCBuildConfiguration;
			buildSettings = {
				ASSETCATALOG_COMPILER_APPICON_NAME = AppIcon;
				DEVELOPMENT_TEAM = Z258W9QL44;
				INFOPLIST_FILE = AppleCollector/Info.plist;
				LD_RUNPATH_SEARCH_PATHS = "$(inherited) @executable_path/Frameworks";
				PRODUCT_BUNDLE_IDENTIFIER = me.avencatareddy.AppleCollector;
				PRODUCT_NAME = "$(TARGET_NAME)";
				SWIFT_VERSION = 3.0;
			};
			name = Debug;
		};
		D037D9E21DA173D500C84C73 /* Release */ = {
			isa = XCBuildConfiguration;
			buildSettings = {
				ASSETCATALOG_COMPILER_APPICON_NAME = AppIcon;
				DEVELOPMENT_TEAM = Z258W9QL44;
				INFOPLIST_FILE = AppleCollector/Info.plist;
				LD_RUNPATH_SEARCH_PATHS = "$(inherited) @executable_path/Frameworks";
				PRODUCT_BUNDLE_IDENTIFIER = me.avencatareddy.AppleCollector;
				PRODUCT_NAME = "$(TARGET_NAME)";
				SWIFT_VERSION = 3.0;
			};
			name = Release;
		};
/* End XCBuildConfiguration section */

/* Begin XCConfigurationList section */
		D037D9C61DA173D500C84C73 /* Build configuration list for PBXProject "AppleCollector" */ = {
			isa = XCConfigurationList;
			buildConfigurations = (
				D037D9DE1DA173D500C84C73 /* Debug */,
				D037D9DF1DA173D500C84C73 /* Release */,
			);
			defaultConfigurationIsVisible = 0;
			defaultConfigurationName = Release;
		};
		D037D9E01DA173D500C84C73 /* Build configuration list for PBXNativeTarget "AppleCollector" */ = {
			isa = XCConfigurationList;
			buildConfigurations = (
				D037D9E11DA173D500C84C73 /* Debug */,
				D037D9E21DA173D500C84C73 /* Release */,
			);
			defaultConfigurationIsVisible = 0;
			defaultConfigurationName = Release;
		};
/* End XCConfigurationList section */

/* Begin XCVersionGroup section */
		D037D9D51DA173D500C84C73 /* AppleCollector.xcdatamodeld */ = {
			isa = XCVersionGroup;
			children = (
				D037D9D61DA173D500C84C73 /* AppleCollector.xcdatamodel */,
			);
			currentVersion = D037D9D61DA173D500C84C73 /* AppleCollector.xcdatamodel */;
			path = AppleCollector.xcdatamodeld;
			sourceTree = "<group>";
			versionGroupType = wrapper.xcdatamodel;
		};
/* End XCVersionGroup section */
	};
	rootObject = D037D9C31DA173D500C84C73 /* Project object */;
}
